
Microsoft Visual Studio Solution File, Format Version 12.00
# Visual Studio Version 16
VisualStudioVersion = 16.0.30011.22
MinimumVisualStudioVersion = 10.0.40219.1
Project("{FAE04EC0-301F-11D3-BF4B-00C04F79EFBC}") = "COMP123-M2020-WEEK6", "COMP123-M2020-WEEK6.csproj", "{98E86B60-F19F-4F79-81C9-D3AFA90B53B6}"
EndProject
Global
	GlobalSection(SolutionConfigurationPlatforms) = preSolution
		Debug|Any CPU = Debug|Any CPU
		Release|Any CPU = Release|Any CPU
	EndGlobalSection
	GlobalSection(ProjectConfigurationPlatforms) = postSolution
		{98E86B60-F19F-4F79-81C9-D3AFA90B53B6}.Debug|Any CPU.ActiveCfg = Debug|Any CPU
		{98E86B60-F19F-4F79-81C9-D3AFA90B53B6}.Debug|Any CPU.Build.0 = Debug|Any CPU
		{98E86B60-F19F-4F79-81C9-D3AFA90B53B6}.Release|Any CPU.ActiveCfg = Release|Any CPU
		{98E86B60-F19F-4F79-81C9-D3AFA90B53B6}.Release|Any CPU.Build.0 = Release|Any CPU
	EndGlobalSection
	GlobalSection(SolutionProperties) = preSolution
		HideSolutionNode = FALSE
	EndGlobalSection
	GlobalSection(ExtensibilityGlobals) = postSolution
		SolutionGuid = {65D19685-33C2-4F36-A8D3-C6DE9478931A}
	EndGlobalSection
EndGlobal
